<Solution>
  <Project Path="RatBot.Commands/RatBot.Commands.csproj" />
  <Project Path="RatBot.Domain/RatBot.Domain.csproj" />
  <Project Path="RatBot.Infrastructure/RatBot.Infrastructure.csproj" />
  <Project Path="RatBot.Interactions/RatBot.Interactions.csproj" />
  <Project Path="RatBot/RatBot.csproj" />
</Solution>
