
Microsoft Visual Studio Solution File, Format Version 12.00
Project("{FAE04EC0-301F-11D3-BF4B-00C04F79EFBC}") = "RatBot", "RatBot\RatBot.csproj", "{D6604247-7B55-4367-9155-55A9CF2CEF37}"
EndProject
Project("{FAE04EC0-301F-11D3-BF4B-00C04F79EFBC}") = "RatBot.Commands", "RatBot.Commands\RatBot.Commands.csproj", "{22247FED-0EB2-4E61-BEB2-6A512BD325F7}"
EndProject
Project("{FAE04EC0-301F-11D3-BF4B-00C04F79EFBC}") = "RatBot.Interactions", "RatBot.Interactions\RatBot.Interactions.csproj", "{B991DBE8-7B8F-48A6-9434-6BC69F044E0A}"
EndProject
Global
	GlobalSection(SolutionConfigurationPlatforms) = preSolution
		Debug|Any CPU = Debug|Any CPU
		Release|Any CPU = Release|Any CPU
	EndGlobalSection
	GlobalSection(ProjectConfigurationPlatforms) = postSolution
		{D6604247-7B55-4367-9155-55A9CF2CEF37}.Debug|Any CPU.ActiveCfg = Debug|Any CPU
		{D6604247-7B55-4367-9155-55A9CF2CEF37}.Debug|Any CPU.Build.0 = Debug|Any CPU
		{D6604247-7B55-4367-9155-55A9CF2CEF37}.Release|Any CPU.ActiveCfg = Release|Any CPU
		{D6604247-7B55-4367-9155-55A9CF2CEF37}.Release|Any CPU.Build.0 = Release|Any CPU
		{22247FED-0EB2-4E61-BEB2-6A512BD325F7}.Debug|Any CPU.ActiveCfg = Debug|Any CPU
		{22247FED-0EB2-4E61-BEB2-6A512BD325F7}.Debug|Any CPU.Build.0 = Debug|Any CPU
		{22247FED-0EB2-4E61-BEB2-6A512BD325F7}.Release|Any CPU.ActiveCfg = Release|Any CPU
		{22247FED-0EB2-4E61-BEB2-6A512BD325F7}.Release|Any CPU.Build.0 = Release|Any CPU
		{B991DBE8-7B8F-48A6-9434-6BC69F044E0A}.Debug|Any CPU.ActiveCfg = Debug|Any CPU
		{B991DBE8-7B8F-48A6-9434-6BC69F044E0A}.Debug|Any CPU.Build.0 = Debug|Any CPU
		{B991DBE8-7B8F-48A6-9434-6BC69F044E0A}.Release|Any CPU.ActiveCfg = Release|Any CPU
		{B991DBE8-7B8F-48A6-9434-6BC69F044E0A}.Release|Any CPU.Build.0 = Release|Any CPU
	EndGlobalSection
EndGlobal
